
Microsoft Visual Studio Solution File, Format Version 12.00
# Visual Studio Version 17
VisualStudioVersion = 17.12.35514.174
MinimumVisualStudioVersion = 10.0.40219.1
Project("{9A19103F-16F7-4668-BE54-9A1E7A4F7556}") = "Project4", "RealEstate\Project4.csproj", "{51BE894B-8AF4-48C4-AF5F-3F8F2358ED28}"
EndProject
Project("{9A19103F-16F7-4668-BE54-9A1E7A4F7556}") = "Utilities", "Utilities\Utilities.csproj", "{1BD686C2-C211-4289-8FA5-FC47B9781B11}"
EndProject
Project("{FAE04EC0-301F-11D3-BF4B-00C04F79EFBC}") = "AccountAPI", "AccountAPI\AccountAPI.csproj", "{B9A0268F-163B-4F18-BD5A-172549958765}"
EndProject
Project("{FAE04EC0-301F-11D3-BF4B-00C04F79EFBC}") = "MyClassLibrary", "MyClassLibrary\MyClassLibrary.csproj", "{68D1A51F-A2D8-4752-BBD1-08A395421B19}"
EndProject
Global
	GlobalSection(SolutionConfigurationPlatforms) = preSolution
		Debug|Any CPU = Debug|Any CPU
		Release|Any CPU = Release|Any CPU
	EndGlobalSection
	GlobalSection(ProjectConfigurationPlatforms) = postSolution
		{51BE894B-8AF4-48C4-AF5F-3F8F2358ED28}.Debug|Any CPU.ActiveCfg = Debug|Any CPU
		{51BE894B-8AF4-48C4-AF5F-3F8F2358ED28}.Debug|Any CPU.Build.0 = Debug|Any CPU
		{51BE894B-8AF4-48C4-AF5F-3F8F2358ED28}.Release|Any CPU.ActiveCfg = Release|Any CPU
		{51BE894B-8AF4-48C4-AF5F-3F8F2358ED28}.Release|Any CPU.Build.0 = Release|Any CPU
		{1BD686C2-C211-4289-8FA5-FC47B9781B11}.Debug|Any CPU.ActiveCfg = Debug|Any CPU
		{1BD686C2-C211-4289-8FA5-FC47B9781B11}.Debug|Any CPU.Build.0 = Debug|Any CPU
		{1BD686C2-C211-4289-8FA5-FC47B9781B11}.Release|Any CPU.ActiveCfg = Release|Any CPU
		{1BD686C2-C211-4289-8FA5-FC47B9781B11}.Release|Any CPU.Build.0 = Release|Any CPU
		{B9A0268F-163B-4F18-BD5A-172549958765}.Debug|Any CPU.ActiveCfg = Debug|Any CPU
		{B9A0268F-163B-4F18-BD5A-172549958765}.Debug|Any CPU.Build.0 = Debug|Any CPU
		{B9A0268F-163B-4F18-BD5A-172549958765}.Release|Any CPU.ActiveCfg = Release|Any CPU
		{B9A0268F-163B-4F18-BD5A-172549958765}.Release|Any CPU.Build.0 = Release|Any CPU
		{68D1A51F-A2D8-4752-BBD1-08A395421B19}.Debug|Any CPU.ActiveCfg = Debug|Any CPU
		{68D1A51F-A2D8-4752-BBD1-08A395421B19}.Debug|Any CPU.Build.0 = Debug|Any CPU
		{68D1A51F-A2D8-4752-BBD1-08A395421B19}.Release|Any CPU.ActiveCfg = Release|Any CPU
		{68D1A51F-A2D8-4752-BBD1-08A395421B19}.Release|Any CPU.Build.0 = Release|Any CPU
	EndGlobalSection
	GlobalSection(SolutionProperties) = preSolution
		HideSolutionNode = FALSE
	EndGlobalSection
	GlobalSection(ExtensibilityGlobals) = postSolution
		SolutionGuid = {AAEA5BE2-E854-455A-AFF5-D01CAEA2FA2F}
	EndGlobalSection
EndGlobal
